// !$*UTF8*$!
{
	archiveVersion = 1;
	classes = {
	};
	objectVersion = 56;
	objects = {

/* Begin PBXBuildFile section */
		8A1000012C6A4B5100F00001 /* Sources/Aether/ContentView.swift in Sources */ = {isa = PBXBuildFile; fileRef = 8A1000112C6A4B5100F00001 /* Sources/Aether/ContentView.swift */; };
		8A1000022C6A4B5100F00001 /* Sources/Aether/AetherApp.swift in Sources */ = {isa = PBXBuildFile; fileRef = 8A1000122C6A4B5100F00001 /* Sources/Aether/AetherApp.swift */; };
		8A1000032C6A4B5100F00001 /* Sources/Aether/Models.swift in Sources */ = {isa = PBXBuildFile; fileRef = 8A1000132C6A4B5100F00001 /* Sources/Aether/Models.swift */; };
		8A1000042C6A4B5100F00001 /* Sources/Aether/WorkoutStore.swift in Sources */ = {isa = PBXBuildFile; fileRef = 8A1000142C6A4B5100F00001 /* Sources/Aether/WorkoutStore.swift */; };
		8A1000052C6A4B5100F00001 /* Sources/Aether/HealthKitClient.swift in Sources */ = {isa = PBXBuildFile; fileRef = 8A1000152C6A4B5100F00001 /* Sources/Aether/HealthKitClient.swift */; };
		8A1000062C6A4B5100F00001 /* Sources/Aether/EmailVerificationClient.swift in Sources */ = {isa = PBXBuildFile; fileRef = 8A1000172C6A4B5100F00001 /* Sources/Aether/EmailVerificationClient.swift */; };
/* End PBXBuildFile section */

/* Begin PBXFileReference section */
		8A1000102C6A4B5100F00001 /* Aether.app */ = {isa = PBXFileReference; explicitFileType = wrapper.application; includeInIndex = 0; path = Aether.app; sourceTree = BUILT_PRODUCTS_DIR; };
		8A1000112C6A4B5100F00001 /* Sources/Aether/ContentView.swift */ = {isa = PBXFileReference; lastKnownFileType = sourcecode.swift; path = Sources/Aether/ContentView.swift; sourceTree = SOURCE_ROOT; };
		8A1000122C6A4B5100F00001 /* Sources/Aether/AetherApp.swift */ = {isa = PBXFileReference; lastKnownFileType = sourcecode.swift; path = Sources/Aether/AetherApp.swift; sourceTree = SOURCE_ROOT; };
		8A1000132C6A4B5100F00001 /* Sources/Aether/Models.swift */ = {isa = PBXFileReference; lastKnownFileType = sourcecode.swift; path = Sources/Aether/Models.swift; sourceTree = SOURCE_ROOT; };
		8A1000142C6A4B5100F00001 /* Sources/Aether/WorkoutStore.swift */ = {isa = PBXFileReference; lastKnownFileType = sourcecode.swift; path = Sources/Aether/WorkoutStore.swift; sourceTree = SOURCE_ROOT; };
		8A1000152C6A4B5100F00001 /* Sources/Aether/HealthKitClient.swift */ = {isa = PBXFileReference; lastKnownFileType = sourcecode.swift; path = Sources/Aether/HealthKitClient.swift; sourceTree = SOURCE_ROOT; };
		8A1000162C6A4B5100F00001 /* Aether/Aether.entitlements */ = {isa = PBXFileReference; lastKnownFileType = text.plist.entitlements; path = Aether/Aether.entitlements; sourceTree = SOURCE_ROOT; };
		8A1000172C6A4B5100F00001 /* Sources/Aether/EmailVerificationClient.swift */ = {isa = PBXFileReference; lastKnownFileType = sourcecode.swift; path = Sources/Aether/EmailVerificationClient.swift; sourceTree = SOURCE_ROOT; };
/* End PBXFileReference section */

/* Begin PBXFrameworksBuildPhase section */
		8A1000202C6A4B5100F00001 /* Frameworks */ = {
			isa = PBXFrameworksBuildPhase;
			buildActionMask = 2147483647;
			files = (
			);
			runOnlyForDeploymentPostprocessing = 0;
		};
/* End PBXFrameworksBuildPhase section */

/* Begin PBXGroup section */
		8A1000302C6A4B5100F00001 = {
			isa = PBXGroup;
			children = (
				8A1000312C6A4B5100F00001 /* Aether */,
				8A1000322C6A4B5100F00001 /* Sources */,
				8A1000332C6A4B5100F00001 /* Products */,
			);
			sourceTree = "<group>";
		};
		8A1000312C6A4B5100F00001 /* Aether */ = {
			isa = PBXGroup;
			children = (
				8A1000162C6A4B5100F00001 /* Aether/Aether.entitlements */,
			);
			path = Aether;
			sourceTree = "<group>";
		};
		8A1000322C6A4B5100F00001 /* Sources */ = {
			isa = PBXGroup;
			children = (
				8A1000122C6A4B5100F00001 /* Sources/Aether/AetherApp.swift */,
				8A1000112C6A4B5100F00001 /* Sources/Aether/ContentView.swift */,
				8A1000132C6A4B5100F00001 /* Sources/Aether/Models.swift */,
				8A1000142C6A4B5100F00001 /* Sources/Aether/WorkoutStore.swift */,
				8A1000152C6A4B5100F00001 /* Sources/Aether/HealthKitClient.swift */,
				8A1000172C6A4B5100F00001 /* Sources/Aether/EmailVerificationClient.swift */,
			);
			name = Sources;
			sourceTree = "<group>";
		};
		8A1000332C6A4B5100F00001 /* Products */ = {
			isa = PBXGroup;
			children = (
				8A1000102C6A4B5100F00001 /* Aether.app */,
			);
			name = Products;
			sourceTree = "<group>";
		};
/* End PBXGroup section */

/* Begin PBXNativeTarget section */
		8A1000402C6A4B5100F00001 /* Aether */ = {
			isa = PBXNativeTarget;
			buildConfigurationList = 8A1000902C6A4B5100F00001 /* Build configuration list for PBXNativeTarget "Aether" */;
			buildPhases = (
				8A1000502C6A4B5100F00001 /* Sources */,
				8A1000202C6A4B5100F00001 /* Frameworks */,
				8A1000602C6A4B5100F00001 /* Resources */,
			);
			buildRules = (
			);
			dependencies = (
			);
			name = Aether;
			productName = Aether;
			productReference = 8A1000102C6A4B5100F00001 /* Aether.app */;
			productType = "com.apple.product-type.application";
		};
/* End PBXNativeTarget section */

/* Begin PBXProject section */
		8A1000702C6A4B5100F00001 /* Project object */ = {
			isa = PBXProject;
			attributes = {
				BuildIndependentTargetsInParallel = 1;
				LastSwiftUpdateCheck = 2600;
				LastUpgradeCheck = 2640;
				TargetAttributes = {
					8A1000402C6A4B5100F00001 = {
						CreatedOnToolsVersion = 26.0;
						ProvisioningStyle = Automatic;
						SystemCapabilities = {
							com.apple.HealthKit = {
								enabled = 1;
							};
						};
					};
				};
			};
			buildConfigurationList = 8A1000802C6A4B5100F00001 /* Build configuration list for PBXProject "Aether" */;
			compatibilityVersion = "Xcode 14.0";
			developmentRegion = en;
			hasScannedForEncodings = 0;
			knownRegions = (
				en,
				Base,
			);
			mainGroup = 8A1000302C6A4B5100F00001;
			productRefGroup = 8A1000332C6A4B5100F00001 /* Products */;
			projectDirPath = "";
			projectRoot = "";
			targets = (
				8A1000402C6A4B5100F00001 /* Aether */,
			);
		};
/* End PBXProject section */

/* Begin PBXResourcesBuildPhase section */
		8A1000602C6A4B5100F00001 /* Resources */ = {
			isa = PBXResourcesBuildPhase;
			buildActionMask = 2147483647;
			files = (
			);
			runOnlyForDeploymentPostprocessing = 0;
		};
/* End PBXResourcesBuildPhase section */

/* Begin PBXSourcesBuildPhase section */
		8A1000502C6A4B5100F00001 /* Sources */ = {
			isa = PBXSourcesBuildPhase;
			buildActionMask = 2147483647;
			files = (
				8A1000022C6A4B5100F00001 /* Sources/Aether/AetherApp.swift in Sources */,
				8A1000012C6A4B5100F00001 /* Sources/Aether/ContentView.swift in Sources */,
				8A1000032C6A4B5100F00001 /* Sources/Aether/Models.swift in Sources */,
				8A1000042C6A4B5100F00001 /* Sources/Aether/WorkoutStore.swift in Sources */,
				8A1000052C6A4B5100F00001 /* Sources/Aether/HealthKitClient.swift in Sources */,
				8A1000062C6A4B5100F00001 /* Sources/Aether/EmailVerificationClient.swift in Sources */,
			);
			runOnlyForDeploymentPostprocessing = 0;
		};
/* End PBXSourcesBuildPhase section */

/* Begin XCBuildConfiguration section */
		8A1000812C6A4B5100F00001 /* Debug */ = {
			isa = XCBuildConfiguration;
			buildSettings = {
				ALWAYS_SEARCH_USER_PATHS = NO;
				CLANG_ANALYZER_NONNULL = YES;
				CLANG_ANALYZER_NUMBER_OBJECT_CONVERSION = YES_AGGRESSIVE;
				CLANG_CXX_LANGUAGE_STANDARD = "gnu++20";
				CLANG_ENABLE_MODULES = YES;
				CLANG_ENABLE_OBJC_ARC = YES;
				CLANG_ENABLE_OBJC_WEAK = YES;
				CLANG_WARN_BLOCK_CAPTURE_AUTORELEASING = YES;
				CLANG_WARN_BOOL_CONVERSION = YES;
				CLANG_WARN_COMMA = YES;
				CLANG_WARN_CONSTANT_CONVERSION = YES;
				CLANG_WARN_DEPRECATED_OBJC_IMPLEMENTATIONS = YES;
				CLANG_WARN_DIRECT_OBJC_ISA_USAGE = YES_ERROR;
				CLANG_WARN_DOCUMENTATION_COMMENTS = YES;
				CLANG_WARN_EMPTY_BODY = YES;
				CLANG_WARN_ENUM_CONVERSION = YES;
				CLANG_WARN_INFINITE_RECURSION = YES;
				CLANG_WARN_INT_CONVERSION = YES;
				CLANG_WARN_NON_LITERAL_NULL_CONVERSION = YES;
				CLANG_WARN_OBJC_IMPLICIT_RETAIN_SELF = YES;
				CLANG_WARN_OBJC_LITERAL_CONVERSION = YES;
				CLANG_WARN_OBJC_ROOT_CLASS = YES_ERROR;
				CLANG_WARN_QUOTED_INCLUDE_IN_FRAMEWORK_HEADER = YES;
				CLANG_WARN_RANGE_LOOP_ANALYSIS = YES;
				CLANG_WARN_STRICT_PROTOTYPES = YES;
				CLANG_WARN_SUSPICIOUS_MOVE = YES;
				CLANG_WARN_UNGUARDED_AVAILABILITY = YES_AGGRESSIVE;
				CLANG_WARN_UNREACHABLE_CODE = YES;
				CLANG_WARN__DUPLICATE_METHOD_MATCH = YES;
				COPY_PHASE_STRIP = NO;
				DEBUG_INFORMATION_FORMAT = dwarf;
				DEVELOPMENT_TEAM = S9S36ZS688;
				ENABLE_STRICT_OBJC_MSGSEND = YES;
				ENABLE_TESTABILITY = YES;
				ENABLE_USER_SCRIPT_SANDBOXING = YES;
				GCC_C_LANGUAGE_STANDARD = gnu17;
				GCC_DYNAMIC_NO_PIC = NO;
				GCC_NO_COMMON_BLOCKS = YES;
				GCC_OPTIMIZATION_LEVEL = 0;
				GCC_PREPROCESSOR_DEFINITIONS = (
					"DEBUG=1",
					"$(inherited)",
				);
				GCC_WARN_64_TO_32_BIT_CONVERSION = YES;
				GCC_WARN_ABOUT_RETURN_TYPE = YES_ERROR;
				GCC_WARN_UNDECLARED_SELECTOR = YES;
				GCC_WARN_UNINITIALIZED_AUTOS = YES_AGGRESSIVE;
				GCC_WARN_UNUSED_FUNCTION = YES;
				GCC_WARN_UNUSED_VARIABLE = YES;
				IPHONEOS_DEPLOYMENT_TARGET = 17.0;
				MTL_ENABLE_DEBUG_INFO = INCLUDE_SOURCE;
				MTL_FAST_MATH = YES;
				ONLY_ACTIVE_ARCH = YES;
				SDKROOT = iphoneos;
				STRING_CATALOG_GENERATE_SYMBOLS = YES;
				SWIFT_ACTIVE_COMPILATION_CONDITIONS = "DEBUG $(inherited)";
				SWIFT_OPTIMIZATION_LEVEL = "-Onone";
			};
			name = Debug;
		};
		8A1000822C6A4B5100F00001 /* Release */ = {
			isa = XCBuildConfiguration;
			buildSettings = {
				ALWAYS_SEARCH_USER_PATHS = NO;
				CLANG_ANALYZER_NONNULL = YES;
				CLANG_ANALYZER_NUMBER_OBJECT_CONVERSION = YES_AGGRESSIVE;
				CLANG_CXX_LANGUAGE_STANDARD = "gnu++20";
				CLANG_ENABLE_MODULES = YES;
				CLANG_ENABLE_OBJC_ARC = YES;
				CLANG_ENABLE_OBJC_WEAK = YES;
				CLANG_WARN_BLOCK_CAPTURE_AUTORELEASING = YES;
				CLANG_WARN_BOOL_CONVERSION = YES;
				CLANG_WARN_COMMA = YES;
				CLANG_WARN_CONSTANT_CONVERSION = YES;
				CLANG_WARN_DEPRECATED_OBJC_IMPLEMENTATIONS = YES;
				CLANG_WARN_DIRECT_OBJC_ISA_USAGE = YES_ERROR;
				CLANG_WARN_DOCUMENTATION_COMMENTS = YES;
				CLANG_WARN_EMPTY_BODY = YES;
				CLANG_WARN_ENUM_CONVERSION = YES;
				CLANG_WARN_INFINITE_RECURSION = YES;
				CLANG_WARN_INT_CONVERSION = YES;
				CLANG_WARN_NON_LITERAL_NULL_CONVERSION = YES;
				CLANG_WARN_OBJC_IMPLICIT_RETAIN_SELF = YES;
				CLANG_WARN_OBJC_LITERAL_CONVERSION = YES;
				CLANG_WARN_OBJC_ROOT_CLASS = YES_ERROR;
				CLANG_WARN_QUOTED_INCLUDE_IN_FRAMEWORK_HEADER = YES;
				CLANG_WARN_RANGE_LOOP_ANALYSIS = YES;
				CLANG_WARN_STRICT_PROTOTYPES = YES;
				CLANG_WARN_SUSPICIOUS_MOVE = YES;
				CLANG_WARN_UNGUARDED_AVAILABILITY = YES_AGGRESSIVE;
				CLANG_WARN_UNREACHABLE_CODE = YES;
				CLANG_WARN__DUPLICATE_METHOD_MATCH = YES;
				COPY_PHASE_STRIP = NO;
				DEBUG_INFORMATION_FORMAT = "dwarf-with-dsym";
				DEVELOPMENT_TEAM = S9S36ZS688;
				ENABLE_NS_ASSERTIONS = NO;
				ENABLE_STRICT_OBJC_MSGSEND = YES;
				ENABLE_USER_SCRIPT_SANDBOXING = YES;
				GCC_C_LANGUAGE_STANDARD = gnu17;
				GCC_NO_COMMON_BLOCKS = YES;
				GCC_WARN_64_TO_32_BIT_CONVERSION = YES;
				GCC_WARN_ABOUT_RETURN_TYPE = YES_ERROR;
				GCC_WARN_UNDECLARED_SELECTOR = YES;
				GCC_WARN_UNINITIALIZED_AUTOS = YES_AGGRESSIVE;
				GCC_WARN_UNUSED_FUNCTION = YES;
				GCC_WARN_UNUSED_VARIABLE = YES;
				IPHONEOS_DEPLOYMENT_TARGET = 17.0;
				MTL_ENABLE_DEBUG_INFO = NO;
				MTL_FAST_MATH = YES;
				SDKROOT = iphoneos;
				STRING_CATALOG_GENERATE_SYMBOLS = YES;
				SWIFT_COMPILATION_MODE = wholemodule;
				VALIDATE_PRODUCT = YES;
			};
			name = Release;
		};
		8A1000912C6A4B5100F00001 /* Debug */ = {
			isa = XCBuildConfiguration;
			buildSettings = {
				ASSETCATALOG_COMPILER_GENERATE_SWIFT_ASSET_SYMBOL_EXTENSIONS = YES;
				CODE_SIGN_ENTITLEMENTS = Aether/Aether.entitlements;
				CODE_SIGN_STYLE = Automatic;
				CURRENT_PROJECT_VERSION = 1;
				DEVELOPMENT_ASSET_PATHS = "";
				DEVELOPMENT_TEAM = S9S36ZS688;
				ENABLE_PREVIEWS = YES;
				GENERATE_INFOPLIST_FILE = YES;
				INFOPLIST_KEY_AetherAuthBaseURL = "";
				INFOPLIST_KEY_CFBundleDisplayName = Aether;
				INFOPLIST_KEY_NSHealthShareUsageDescription = "Aether reads calories, steps, distance, and heart-rate data to show health metrics.";
				INFOPLIST_KEY_NSHealthUpdateUsageDescription = "Aether does not write workouts to Apple Health.";
				INFOPLIST_KEY_NSHumanReadableCopyright = "";
				INFOPLIST_KEY_UIApplicationSceneManifest_Generation = YES;
				INFOPLIST_KEY_UIApplicationSupportsIndirectInputEvents = YES;
				INFOPLIST_KEY_UILaunchScreen_Generation = YES;
				INFOPLIST_KEY_UISupportedInterfaceOrientations_iPad = "UIInterfaceOrientationPortrait UIInterfaceOrientationPortraitUpsideDown UIInterfaceOrientationLandscapeLeft UIInterfaceOrientationLandscapeRight";
				INFOPLIST_KEY_UISupportedInterfaceOrientations_iPhone = "UIInterfaceOrientationPortrait UIInterfaceOrientationLandscapeLeft UIInterfaceOrientationLandscapeRight";
				IPHONEOS_DEPLOYMENT_TARGET = 17.0;
				LD_RUNPATH_SEARCH_PATHS = (
					"$(inherited)",
					"@executable_path/Frameworks",
				);
				MARKETING_VERSION = 1.0;
				PRODUCT_BUNDLE_IDENTIFIER = com.nandhasankar.Aether;
				PRODUCT_NAME = "$(TARGET_NAME)";
				SUPPORTED_PLATFORMS = "iphoneos iphonesimulator";
				SUPPORTS_MACCATALYST = NO;
				SWIFT_EMIT_LOC_STRINGS = YES;
				SWIFT_VERSION = 6.0;
				TARGETED_DEVICE_FAMILY = "1,2";
			};
			name = Debug;
		};
		8A1000922C6A4B5100F00001 /* Release */ = {
			isa = XCBuildConfiguration;
			buildSettings = {
				ASSETCATALOG_COMPILER_GENERATE_SWIFT_ASSET_SYMBOL_EXTENSIONS = YES;
				CODE_SIGN_ENTITLEMENTS = Aether/Aether.entitlements;
				CODE_SIGN_STYLE = Automatic;
				CURRENT_PROJECT_VERSION = 1;
				DEVELOPMENT_ASSET_PATHS = "";
				DEVELOPMENT_TEAM = S9S36ZS688;
				ENABLE_PREVIEWS = YES;
				GENERATE_INFOPLIST_FILE = YES;
				INFOPLIST_KEY_AetherAuthBaseURL = "";
				INFOPLIST_KEY_CFBundleDisplayName = Aether;
				INFOPLIST_KEY_NSHealthShareUsageDescription = "Aether reads calories, steps, distance, and heart-rate data to show health metrics.";
				INFOPLIST_KEY_NSHealthUpdateUsageDescription = "Aether does not write workouts to Apple Health.";
				INFOPLIST_KEY_NSHumanReadableCopyright = "";
				INFOPLIST_KEY_UIApplicationSceneManifest_Generation = YES;
				INFOPLIST_KEY_UIApplicationSupportsIndirectInputEvents = YES;
				INFOPLIST_KEY_UILaunchScreen_Generation = YES;
				INFOPLIST_KEY_UISupportedInterfaceOrientations_iPad = "UIInterfaceOrientationPortrait UIInterfaceOrientationPortraitUpsideDown UIInterfaceOrientationLandscapeLeft UIInterfaceOrientationLandscapeRight";
				INFOPLIST_KEY_UISupportedInterfaceOrientations_iPhone = "UIInterfaceOrientationPortrait UIInterfaceOrientationLandscapeLeft UIInterfaceOrientationLandscapeRight";
				IPHONEOS_DEPLOYMENT_TARGET = 17.0;
				LD_RUNPATH_SEARCH_PATHS = (
					"$(inherited)",
					"@executable_path/Frameworks",
				);
				MARKETING_VERSION = 1.0;
				PRODUCT_BUNDLE_IDENTIFIER = com.nandhasankar.Aether;
				PRODUCT_NAME = "$(TARGET_NAME)";
				SUPPORTED_PLATFORMS = "iphoneos iphonesimulator";
				SUPPORTS_MACCATALYST = NO;
				SWIFT_EMIT_LOC_STRINGS = YES;
				SWIFT_VERSION = 6.0;
				TARGETED_DEVICE_FAMILY = "1,2";
			};
			name = Release;
		};
/* End XCBuildConfiguration section */

/* Begin XCConfigurationList section */
		8A1000802C6A4B5100F00001 /* Build configuration list for PBXProject "Aether" */ = {
			isa = XCConfigurationList;
			buildConfigurations = (
				8A1000812C6A4B5100F00001 /* Debug */,
				8A1000822C6A4B5100F00001 /* Release */,
			);
			defaultConfigurationIsVisible = 0;
			defaultConfigurationName = Release;
		};
		8A1000902C6A4B5100F00001 /* Build configuration list for PBXNativeTarget "Aether" */ = {
			isa = XCConfigurationList;
			buildConfigurations = (
				8A1000912C6A4B5100F00001 /* Debug */,
				8A1000922C6A4B5100F00001 /* Release */,
			);
			defaultConfigurationIsVisible = 0;
			defaultConfigurationName = Release;
		};
/* End XCConfigurationList section */
	};
	rootObject = 8A1000702C6A4B5100F00001 /* Project object */;
}
